// !$*UTF8*$!
{
	archiveVersion = 1;
	classes = {
	};
	objectVersion = 46;
	objects = {

/* Begin PBXBuildFile section */
		0806A4811FABFC5900A05E42 /* GoogleService-Info.plist in Resources */ = {isa = PBXBuildFile; fileRef = 0806A4801FABFC5900A05E42 /* GoogleService-Info.plist */; };
		080E39151FBBECDE00AB8F5B /* GamePrepViewController.swift in Sources */ = {isa = PBXBuildFile; fileRef = 080E39141FBBECDE00AB8F5B /* GamePrepViewController.swift */; };
		080E39171FBC1D6D00AB8F5B /* Puzzle.swift in Sources */ = {isa = PBXBuildFile; fileRef = 080E39161FBC1D6D00AB8F5B /* Puzzle.swift */; };
		081F51041F9ECB4000297116 /* FindDestinationViewController.swift in Sources */ = {isa = PBXBuildFile; fileRef = 081F51031F9ECB4000297116 /* FindDestinationViewController.swift */; };
		081F51061F9EDAD900297116 /* CongratsViewController.swift in Sources */ = {isa = PBXBuildFile; fileRef = 081F51051F9EDAD900297116 /* CongratsViewController.swift */; };
		084EC5EE1FA2587200CE305D /* LoginViewController.swift in Sources */ = {isa = PBXBuildFile; fileRef = 084EC5ED1FA2587200CE305D /* LoginViewController.swift */; };
		084EC5F01FA262B600CE305D /* MainTabBarController.swift in Sources */ = {isa = PBXBuildFile; fileRef = 084EC5EF1FA262B600CE305D /* MainTabBarController.swift */; };
		084EC5F21FA2630000CE305D /* User.swift in Sources */ = {isa = PBXBuildFile; fileRef = 084EC5F11FA2630000CE305D /* User.swift */; };
		085CCEF91FBA908D00E1F1BF /* CreateTeamViewController.swift in Sources */ = {isa = PBXBuildFile; fileRef = 085CCEF81FBA908D00E1F1BF /* CreateTeamViewController.swift */; };
		085CCEFB1FBA911A00E1F1BF /* JoinTeamViewController.swift in Sources */ = {isa = PBXBuildFile; fileRef = 085CCEFA1FBA911A00E1F1BF /* JoinTeamViewController.swift */; };
		08B7D08E1FA96F6100393D09 /* StartPlayingViewController.swift in Sources */ = {isa = PBXBuildFile; fileRef = 08B7D08D1FA96F6100393D09 /* StartPlayingViewController.swift */; };
		9D2AD0691FA93EA5003DFD9D /* AccountChangeViewController.swift in Sources */ = {isa = PBXBuildFile; fileRef = 9D2AD0681FA93EA5003DFD9D /* AccountChangeViewController.swift */; };
		9DCC47C81FA7B92D003B060B /* SettingsViewController.swift in Sources */ = {isa = PBXBuildFile; fileRef = 9DCC47C71FA7B92D003B060B /* SettingsViewController.swift */; };
		9DCC47CA1FA7B938003B060B /* TutorialViewController.swift in Sources */ = {isa = PBXBuildFile; fileRef = 9DCC47C91FA7B938003B060B /* TutorialViewController.swift */; };
		9DCC47CF1FA7C246003B060B /* Group15Alpha.xcdatamodeld in Sources */ = {isa = PBXBuildFile; fileRef = 9DCC47CD1FA7C246003B060B /* Group15Alpha.xcdatamodeld */; };
		9DF3EC931FA7E76C00A119F0 /* AccountTableViewController.swift in Sources */ = {isa = PBXBuildFile; fileRef = 9DF3EC921FA7E76C00A119F0 /* AccountTableViewController.swift */; };
		C5CC0EE5B85DC8E9ECEBC50C /* Pods_Group15Alpha.framework in Frameworks */ = {isa = PBXBuildFile; fileRef = 5EA327016ECF794D9D013BAB /* Pods_Group15Alpha.framework */; };
		F38A6CE01F9EA2780012AE64 /* AppDelegate.swift in Sources */ = {isa = PBXBuildFile; fileRef = F38A6CDF1F9EA2780012AE64 /* AppDelegate.swift */; };
		F38A6CE21F9EA2780012AE64 /* ViewController.swift in Sources */ = {isa = PBXBuildFile; fileRef = F38A6CE11F9EA2780012AE64 /* ViewController.swift */; };
		F38A6CE51F9EA2780012AE64 /* Main.storyboard in Resources */ = {isa = PBXBuildFile; fileRef = F38A6CE31F9EA2780012AE64 /* Main.storyboard */; };
		F38A6CE71F9EA2780012AE64 /* Assets.xcassets in Resources */ = {isa = PBXBuildFile; fileRef = F38A6CE61F9EA2780012AE64 /* Assets.xcassets */; };
		F38A6CEA1F9EA2780012AE64 /* LaunchScreen.storyboard in Resources */ = {isa = PBXBuildFile; fileRef = F38A6CE81F9EA2780012AE64 /* LaunchScreen.storyboard */; };
		F38A6CF51F9EA2780012AE64 /* Group15AlphaTests.swift in Sources */ = {isa = PBXBuildFile; fileRef = F38A6CF41F9EA2780012AE64 /* Group15AlphaTests.swift */; };
		F38A6D001F9EA2780012AE64 /* Group15AlphaUITests.swift in Sources */ = {isa = PBXBuildFile; fileRef = F38A6CFF1F9EA2780012AE64 /* Group15AlphaUITests.swift */; };
/* End PBXBuildFile section */

/* Begin PBXContainerItemProxy section */
		F38A6CF11F9EA2780012AE64 /* PBXContainerItemProxy */ = {
			isa = PBXContainerItemProxy;
			containerPortal = F38A6CD41F9EA2780012AE64 /* Project object */;
			proxyType = 1;
			remoteGlobalIDString = F38A6CDB1F9EA2780012AE64;
			remoteInfo = Group15Alpha;
		};
		F38A6CFC1F9EA2780012AE64 /* PBXContainerItemProxy */ = {
			isa = PBXContainerItemProxy;
			containerPortal = F38A6CD41F9EA2780012AE64 /* Project object */;
			proxyType = 1;
			remoteGlobalIDString = F38A6CDB1F9EA2780012AE64;
			remoteInfo = Group15Alpha;
		};
/* End PBXContainerItemProxy section */

/* Begin PBXFileReference section */
		0806A4801FABFC5900A05E42 /* GoogleService-Info.plist */ = {isa = PBXFileReference; fileEncoding = 4; lastKnownFileType = text.plist.xml; path = "GoogleService-Info.plist"; sourceTree = "<group>"; };
		080E39141FBBECDE00AB8F5B /* GamePrepViewController.swift */ = {isa = PBXFileReference; lastKnownFileType = sourcecode.swift; path = GamePrepViewController.swift; sourceTree = "<group>"; };
		080E39161FBC1D6D00AB8F5B /* Puzzle.swift */ = {isa = PBXFileReference; lastKnownFileType = sourcecode.swift; name = Puzzle.swift; path = Group15Alpha/Puzzle.swift; sourceTree = "<group>"; };
		081F51031F9ECB4000297116 /* FindDestinationViewController.swift */ = {isa = PBXFileReference; lastKnownFileType = sourcecode.swift; path = FindDestinationViewController.swift; sourceTree = "<group>"; };
		081F51051F9EDAD900297116 /* CongratsViewController.swift */ = {isa = PBXFileReference; lastKnownFileType = sourcecode.swift; path = CongratsViewController.swift; sourceTree = "<group>"; };
		084EC5ED1FA2587200CE305D /* LoginViewController.swift */ = {isa = PBXFileReference; lastKnownFileType = sourcecode.swift; path = LoginViewController.swift; sourceTree = "<group>"; };
		084EC5EF1FA262B600CE305D /* MainTabBarController.swift */ = {isa = PBXFileReference; lastKnownFileType = sourcecode.swift; path = MainTabBarController.swift; sourceTree = "<group>"; };
		084EC5F11FA2630000CE305D /* User.swift */ = {isa = PBXFileReference; lastKnownFileType = sourcecode.swift; path = User.swift; sourceTree = "<group>"; };
		085CCEF81FBA908D00E1F1BF /* CreateTeamViewController.swift */ = {isa = PBXFileReference; lastKnownFileType = sourcecode.swift; path = CreateTeamViewController.swift; sourceTree = "<group>"; };
		085CCEFA1FBA911A00E1F1BF /* JoinTeamViewController.swift */ = {isa = PBXFileReference; lastKnownFileType = sourcecode.swift; path = JoinTeamViewController.swift; sourceTree = "<group>"; };
		08B7D08D1FA96F6100393D09 /* StartPlayingViewController.swift */ = {isa = PBXFileReference; lastKnownFileType = sourcecode.swift; path = StartPlayingViewController.swift; sourceTree = "<group>"; };
		0C45A38E7F8195109074D644 /* Pods-Group15Alpha.release.xcconfig */ = {isa = PBXFileReference; includeInIndex = 1; lastKnownFileType = text.xcconfig; name = "Pods-Group15Alpha.release.xcconfig"; path = "Pods/Target Support Files/Pods-Group15Alpha/Pods-Group15Alpha.release.xcconfig"; sourceTree = "<group>"; };
		5EA327016ECF794D9D013BAB /* Pods_Group15Alpha.framework */ = {isa = PBXFileReference; explicitFileType = wrapper.framework; includeInIndex = 0; path = Pods_Group15Alpha.framework; sourceTree = BUILT_PRODUCTS_DIR; };
		6065E4C64617590958DB0610 /* Pods-Group15Alpha.debug.xcconfig */ = {isa = PBXFileReference; includeInIndex = 1; lastKnownFileType = text.xcconfig; name = "Pods-Group15Alpha.debug.xcconfig"; path = "Pods/Target Support Files/Pods-Group15Alpha/Pods-Group15Alpha.debug.xcconfig"; sourceTree = "<group>"; };
		6C6B5789C8F215BC9B14D3CD /* Pods_Group15AlphaTests.framework */ = {isa = PBXFileReference; explicitFileType = wrapper.framework; includeInIndex = 0; path = Pods_Group15AlphaTests.framework; sourceTree = BUILT_PRODUCTS_DIR; };
		75C07D3B314EAE3DD3CFA3C3 /* Pods_Group15AlphaUITests.framework */ = {isa = PBXFileReference; explicitFileType = wrapper.framework; includeInIndex = 0; path = Pods_Group15AlphaUITests.framework; sourceTree = BUILT_PRODUCTS_DIR; };
		9D2AD0681FA93EA5003DFD9D /* AccountChangeViewController.swift */ = {isa = PBXFileReference; fileEncoding = 4; lastKnownFileType = sourcecode.swift; path = AccountChangeViewController.swift; sourceTree = "<group>"; };
		9DCC47C71FA7B92D003B060B /* SettingsViewController.swift */ = {isa = PBXFileReference; fileEncoding = 4; lastKnownFileType = sourcecode.swift; path = SettingsViewController.swift; sourceTree = "<group>"; };
		9DCC47C91FA7B938003B060B /* TutorialViewController.swift */ = {isa = PBXFileReference; fileEncoding = 4; lastKnownFileType = sourcecode.swift; path = TutorialViewController.swift; sourceTree = "<group>"; };
		9DCC47CE1FA7C246003B060B /* Group15Alpha.xcdatamodel */ = {isa = PBXFileReference; lastKnownFileType = wrapper.xcdatamodel; path = Group15Alpha.xcdatamodel; sourceTree = "<group>"; };
		9DF3EC921FA7E76C00A119F0 /* AccountTableViewController.swift */ = {isa = PBXFileReference; fileEncoding = 4; lastKnownFileType = sourcecode.swift; path = AccountTableViewController.swift; sourceTree = "<group>"; };
		F38A6CDC1F9EA2780012AE64 /* Group15Alpha.app */ = {isa = PBXFileReference; explicitFileType = wrapper.application; includeInIndex = 0; path = Group15Alpha.app; sourceTree = BUILT_PRODUCTS_DIR; };
		F38A6CDF1F9EA2780012AE64 /* AppDelegate.swift */ = {isa = PBXFileReference; lastKnownFileType = sourcecode.swift; path = AppDelegate.swift; sourceTree = "<group>"; };
		F38A6CE11F9EA2780012AE64 /* ViewController.swift */ = {isa = PBXFileReference; lastKnownFileType = sourcecode.swift; path = ViewController.swift; sourceTree = "<group>"; };
		F38A6CE41F9EA2780012AE64 /* Base */ = {isa = PBXFileReference; lastKnownFileType = file.storyboard; name = Base; path = Base.lproj/Main.storyboard; sourceTree = "<group>"; };
		F38A6CE61F9EA2780012AE64 /* Assets.xcassets */ = {isa = PBXFileReference; lastKnownFileType = folder.assetcatalog; path = Assets.xcassets; sourceTree = "<group>"; };
		F38A6CE91F9EA2780012AE64 /* Base */ = {isa = PBXFileReference; lastKnownFileType = file.storyboard; name = Base; path = Base.lproj/LaunchScreen.storyboard; sourceTree = "<group>"; };
		F38A6CEB1F9EA2780012AE64 /* Info.plist */ = {isa = PBXFileReference; lastKnownFileType = text.plist.xml; path = Info.plist; sourceTree = "<group>"; };
		F38A6CF01F9EA2780012AE64 /* Group15AlphaTests.xctest */ = {isa = PBXFileReference; explicitFileType = wrapper.cfbundle; includeInIndex = 0; path = Group15AlphaTests.xctest; sourceTree = BUILT_PRODUCTS_DIR; };
		F38A6CF41F9EA2780012AE64 /* Group15AlphaTests.swift */ = {isa = PBXFileReference; lastKnownFileType = sourcecode.swift; path = Group15AlphaTests.swift; sourceTree = "<group>"; };
		F38A6CF61F9EA2780012AE64 /* Info.plist */ = {isa = PBXFileReference; lastKnownFileType = text.plist.xml; path = Info.plist; sourceTree = "<group>"; };
		F38A6CFB1F9EA2780012AE64 /* Group15AlphaUITests.xctest */ = {isa = PBXFileReference; explicitFileType = wrapper.cfbundle; includeInIndex = 0; path = Group15AlphaUITests.xctest; sourceTree = BUILT_PRODUCTS_DIR; };
		F38A6CFF1F9EA2780012AE64 /* Group15AlphaUITests.swift */ = {isa = PBXFileReference; lastKnownFileType = sourcecode.swift; path = Group15AlphaUITests.swift; sourceTree = "<group>"; };
		F38A6D011F9EA2780012AE64 /* Info.plist */ = {isa = PBXFileReference; lastKnownFileType = text.plist.xml; path = Info.plist; sourceTree = "<group>"; };
/* End PBXFileReference section */

/* Begin PBXFrameworksBuildPhase section */
		F38A6CD91F9EA2780012AE64 /* Frameworks */ = {
			isa = PBXFrameworksBuildPhase;
			buildActionMask = 2147483647;
			files = (
				C5CC0EE5B85DC8E9ECEBC50C /* Pods_Group15Alpha.framework in Frameworks */,
			);
			runOnlyForDeploymentPostprocessing = 0;
		};
		F38A6CED1F9EA2780012AE64 /* Frameworks */ = {
			isa = PBXFrameworksBuildPhase;
			buildActionMask = 2147483647;
			files = (
			);
			runOnlyForDeploymentPostprocessing = 0;
		};
		F38A6CF81F9EA2780012AE64 /* Frameworks */ = {
			isa = PBXFrameworksBuildPhase;
			buildActionMask = 2147483647;
			files = (
			);
			runOnlyForDeploymentPostprocessing = 0;
		};
/* End PBXFrameworksBuildPhase section */

/* Begin PBXGroup section */
		7E88BC35C6FFF0B2F7DAD88D /* Frameworks */ = {
			isa = PBXGroup;
			children = (
				5EA327016ECF794D9D013BAB /* Pods_Group15Alpha.framework */,
				6C6B5789C8F215BC9B14D3CD /* Pods_Group15AlphaTests.framework */,
				75C07D3B314EAE3DD3CFA3C3 /* Pods_Group15AlphaUITests.framework */,
			);
			name = Frameworks;
			sourceTree = "<group>";
		};
		92485FF34E01C484602943AF /* Pods */ = {
			isa = PBXGroup;
			children = (
				6065E4C64617590958DB0610 /* Pods-Group15Alpha.debug.xcconfig */,
				0C45A38E7F8195109074D644 /* Pods-Group15Alpha.release.xcconfig */,
			);
			name = Pods;
			sourceTree = "<group>";
		};
		F38A6CD31F9EA2780012AE64 = {
			isa = PBXGroup;
			children = (
				080E39161FBC1D6D00AB8F5B /* Puzzle.swift */,
				F38A6CDE1F9EA2780012AE64 /* Group15Alpha */,
				F38A6CF31F9EA2780012AE64 /* Group15AlphaTests */,
				F38A6CFE1F9EA2780012AE64 /* Group15AlphaUITests */,
				F38A6CDD1F9EA2780012AE64 /* Products */,
				92485FF34E01C484602943AF /* Pods */,
				7E88BC35C6FFF0B2F7DAD88D /* Frameworks */,
			);
			sourceTree = "<group>";
		};
		F38A6CDD1F9EA2780012AE64 /* Products */ = {
			isa = PBXGroup;
			children = (
				F38A6CDC1F9EA2780012AE64 /* Group15Alpha.app */,
				F38A6CF01F9EA2780012AE64 /* Group15AlphaTests.xctest */,
				F38A6CFB1F9EA2780012AE64 /* Group15AlphaUITests.xctest */,
			);
			name = Products;
			sourceTree = "<group>";
		};
		F38A6CDE1F9EA2780012AE64 /* Group15Alpha */ = {
			isa = PBXGroup;
			children = (
				0806A4801FABFC5900A05E42 /* GoogleService-Info.plist */,
				F38A6CDF1F9EA2780012AE64 /* AppDelegate.swift */,
				F38A6CE11F9EA2780012AE64 /* ViewController.swift */,
				F38A6CE31F9EA2780012AE64 /* Main.storyboard */,
				080E39141FBBECDE00AB8F5B /* GamePrepViewController.swift */,
				084EC5ED1FA2587200CE305D /* LoginViewController.swift */,
				085CCEFA1FBA911A00E1F1BF /* JoinTeamViewController.swift */,
				085CCEF81FBA908D00E1F1BF /* CreateTeamViewController.swift */,
				08B7D08D1FA96F6100393D09 /* StartPlayingViewController.swift */,
				9DF3EC921FA7E76C00A119F0 /* AccountTableViewController.swift */,
				9D2AD0681FA93EA5003DFD9D /* AccountChangeViewController.swift */,
				9DCC47C71FA7B92D003B060B /* SettingsViewController.swift */,
				9DCC47C91FA7B938003B060B /* TutorialViewController.swift */,
				084EC5EF1FA262B600CE305D /* MainTabBarController.swift */,
				084EC5F11FA2630000CE305D /* User.swift */,
				081F51031F9ECB4000297116 /* FindDestinationViewController.swift */,
				081F51051F9EDAD900297116 /* CongratsViewController.swift */,
				F38A6CE61F9EA2780012AE64 /* Assets.xcassets */,
				F38A6CE81F9EA2780012AE64 /* LaunchScreen.storyboard */,
				9DCC47CD1FA7C246003B060B /* Group15Alpha.xcdatamodeld */,
				F38A6CEB1F9EA2780012AE64 /* Info.plist */,
			);
			path = Group15Alpha;
			sourceTree = "<group>";
		};
		F38A6CF31F9EA2780012AE64 /* Group15AlphaTests */ = {
			isa = PBXGroup;
			children = (
				F38A6CF41F9EA2780012AE64 /* Group15AlphaTests.swift */,
				F38A6CF61F9EA2780012AE64 /* Info.plist */,
			);
			path = Group15AlphaTests;
			sourceTree = "<group>";
		};
		F38A6CFE1F9EA2780012AE64 /* Group15AlphaUITests */ = {
			isa = PBXGroup;
			children = (
				F38A6CFF1F9EA2780012AE64 /* Group15AlphaUITests.swift */,
				F38A6D011F9EA2780012AE64 /* Info.plist */,
			);
			path = Group15AlphaUITests;
			sourceTree = "<group>";
		};
/* End PBXGroup section */

/* Begin PBXNativeTarget section */
		F38A6CDB1F9EA2780012AE64 /* Group15Alpha */ = {
			isa = PBXNativeTarget;
			buildConfigurationList = F38A6D041F9EA2780012AE64 /* Build configuration list for PBXNativeTarget "Group15Alpha" */;
			buildPhases = (
				2078E7695B0A5084EDE2D946 /* [CP] Check Pods Manifest.lock */,
				F38A6CD81F9EA2780012AE64 /* Sources */,
				F38A6CD91F9EA2780012AE64 /* Frameworks */,
				F38A6CDA1F9EA2780012AE64 /* Resources */,
				3809F3C7D2A3CADB322391E0 /* [CP] Embed Pods Frameworks */,
				6D18FB60D366BE76DB4B7A65 /* [CP] Copy Pods Resources */,
			);
			buildRules = (
			);
			dependencies = (
			);
			name = Group15Alpha;
			productName = Group15Alpha;
			productReference = F38A6CDC1F9EA2780012AE64 /* Group15Alpha.app */;
			productType = "com.apple.product-type.application";
		};
		F38A6CEF1F9EA2780012AE64 /* Group15AlphaTests */ = {
			isa = PBXNativeTarget;
			buildConfigurationList = F38A6D071F9EA2780012AE64 /* Build configuration list for PBXNativeTarget "Group15AlphaTests" */;
			buildPhases = (
				F38A6CEC1F9EA2780012AE64 /* Sources */,
				F38A6CED1F9EA2780012AE64 /* Frameworks */,
				F38A6CEE1F9EA2780012AE64 /* Resources */,
			);
			buildRules = (
			);
			dependencies = (
				F38A6CF21F9EA2780012AE64 /* PBXTargetDependency */,
			);
			name = Group15AlphaTests;
			productName = Group15AlphaTests;
			productReference = F38A6CF01F9EA2780012AE64 /* Group15AlphaTests.xctest */;
			productType = "com.apple.product-type.bundle.unit-test";
		};
		F38A6CFA1F9EA2780012AE64 /* Group15AlphaUITests */ = {
			isa = PBXNativeTarget;
			buildConfigurationList = F38A6D0A1F9EA2780012AE64 /* Build configuration list for PBXNativeTarget "Group15AlphaUITests" */;
			buildPhases = (
				F38A6CF71F9EA2780012AE64 /* Sources */,
				F38A6CF81F9EA2780012AE64 /* Frameworks */,
				F38A6CF91F9EA2780012AE64 /* Resources */,
			);
			buildRules = (
			);
			dependencies = (
				F38A6CFD1F9EA2780012AE64 /* PBXTargetDependency */,
			);
			name = Group15AlphaUITests;
			productName = Group15AlphaUITests;
			productReference = F38A6CFB1F9EA2780012AE64 /* Group15AlphaUITests.xctest */;
			productType = "com.apple.product-type.bundle.ui-testing";
		};
/* End PBXNativeTarget section */

/* Begin PBXProject section */
		F38A6CD41F9EA2780012AE64 /* Project object */ = {
			isa = PBXProject;
			attributes = {
				LastSwiftUpdateCheck = 0830;
				LastUpgradeCheck = 0830;
				ORGANIZATIONNAME = Group15;
				TargetAttributes = {
					F38A6CDB1F9EA2780012AE64 = {
						CreatedOnToolsVersion = 8.3.3;
						DevelopmentTeam = V2DTJ8Z834;
						ProvisioningStyle = Automatic;
					};
					F38A6CEF1F9EA2780012AE64 = {
						CreatedOnToolsVersion = 8.3.3;
						ProvisioningStyle = Automatic;
						TestTargetID = F38A6CDB1F9EA2780012AE64;
					};
					F38A6CFA1F9EA2780012AE64 = {
						CreatedOnToolsVersion = 8.3.3;
						ProvisioningStyle = Automatic;
						TestTargetID = F38A6CDB1F9EA2780012AE64;
					};
				};
			};
			buildConfigurationList = F38A6CD71F9EA2780012AE64 /* Build configuration list for PBXProject "Group15Alpha" */;
			compatibilityVersion = "Xcode 3.2";
			developmentRegion = English;
			hasScannedForEncodings = 0;
			knownRegions = (
				en,
				Base,
			);
			mainGroup = F38A6CD31F9EA2780012AE64;
			productRefGroup = F38A6CDD1F9EA2780012AE64 /* Products */;
			projectDirPath = "";
			projectRoot = "";
			targets = (
				F38A6CDB1F9EA2780012AE64 /* Group15Alpha */,
				F38A6CEF1F9EA2780012AE64 /* Group15AlphaTests */,
				F38A6CFA1F9EA2780012AE64 /* Group15AlphaUITests */,
			);
		};
/* End PBXProject section */

/* Begin PBXResourcesBuildPhase section */
		F38A6CDA1F9EA2780012AE64 /* Resources */ = {
			isa = PBXResourcesBuildPhase;
			buildActionMask = 2147483647;
			files = (
				F38A6CEA1F9EA2780012AE64 /* LaunchScreen.storyboard in Resources */,
				0806A4811FABFC5900A05E42 /* GoogleService-Info.plist in Resources */,
				F38A6CE71F9EA2780012AE64 /* Assets.xcassets in Resources */,
				F38A6CE51F9EA2780012AE64 /* Main.storyboard in Resources */,
			);
			runOnlyForDeploymentPostprocessing = 0;
		};
		F38A6CEE1F9EA2780012AE64 /* Resources */ = {
			isa = PBXResourcesBuildPhase;
			buildActionMask = 2147483647;
			files = (
			);
			runOnlyForDeploymentPostprocessing = 0;
		};
		F38A6CF91F9EA2780012AE64 /* Resources */ = {
			isa = PBXResourcesBuildPhase;
			buildActionMask = 2147483647;
			files = (
			);
			runOnlyForDeploymentPostprocessing = 0;
		};
/* End PBXResourcesBuildPhase section */

/* Begin PBXShellScriptBuildPhase section */
		2078E7695B0A5084EDE2D946 /* [CP] Check Pods Manifest.lock */ = {
			isa = PBXShellScriptBuildPhase;
			buildActionMask = 2147483647;
			files = (
			);
			inputPaths = (
				"${PODS_PODFILE_DIR_PATH}/Podfile.lock",
				"${PODS_ROOT}/Manifest.lock",
			);
			name = "[CP] Check Pods Manifest.lock";
			outputPaths = (
				"$(DERIVED_FILE_DIR)/Pods-Group15Alpha-checkManifestLockResult.txt",
			);
			runOnlyForDeploymentPostprocessing = 0;
			shellPath = /bin/sh;
			shellScript = "diff \"${PODS_PODFILE_DIR_PATH}/Podfile.lock\" \"${PODS_ROOT}/Manifest.lock\" > /dev/null\nif [ $? != 0 ] ; then\n    # print error to STDERR\n    echo \"error: The sandbox is not in sync with the Podfile.lock. Run 'pod install' or update your CocoaPods installation.\" >&2\n    exit 1\nfi\n# This output is used by Xcode 'outputs' to avoid re-running this script phase.\necho \"SUCCESS\" > \"${SCRIPT_OUTPUT_FILE_0}\"\n";
			showEnvVarsInLog = 0;
		};
		3809F3C7D2A3CADB322391E0 /* [CP] Embed Pods Frameworks */ = {
			isa = PBXShellScriptBuildPhase;
			buildActionMask = 2147483647;
			files = (
			);
			inputPaths = (
				"${SRCROOT}/Pods/Target Support Files/Pods-Group15Alpha/Pods-Group15Alpha-frameworks.sh",
				"${BUILT_PRODUCTS_DIR}/GTMSessionFetcher/GTMSessionFetcher.framework",
				"${BUILT_PRODUCTS_DIR}/GoogleToolboxForMac/GoogleToolboxForMac.framework",
				"${BUILT_PRODUCTS_DIR}/leveldb-library/leveldb.framework",
				"${BUILT_PRODUCTS_DIR}/nanopb/nanopb.framework",
			);
			name = "[CP] Embed Pods Frameworks";
			outputPaths = (
				"${TARGET_BUILD_DIR}/${FRAMEWORKS_FOLDER_PATH}/GTMSessionFetcher.framework",
				"${TARGET_BUILD_DIR}/${FRAMEWORKS_FOLDER_PATH}/GoogleToolboxForMac.framework",
				"${TARGET_BUILD_DIR}/${FRAMEWORKS_FOLDER_PATH}/leveldb.framework",
				"${TARGET_BUILD_DIR}/${FRAMEWORKS_FOLDER_PATH}/nanopb.framework",
			);
			runOnlyForDeploymentPostprocessing = 0;
			shellPath = /bin/sh;
			shellScript = "\"${SRCROOT}/Pods/Target Support Files/Pods-Group15Alpha/Pods-Group15Alpha-frameworks.sh\"\n";
			showEnvVarsInLog = 0;
		};
		6D18FB60D366BE76DB4B7A65 /* [CP] Copy Pods Resources */ = {
			isa = PBXShellScriptBuildPhase;
			buildActionMask = 2147483647;
			files = (
			);
			inputPaths = (
			);
			name = "[CP] Copy Pods Resources";
			outputPaths = (
			);
			runOnlyForDeploymentPostprocessing = 0;
			shellPath = /bin/sh;
			shellScript = "\"${SRCROOT}/Pods/Target Support Files/Pods-Group15Alpha/Pods-Group15Alpha-resources.sh\"\n";
			showEnvVarsInLog = 0;
		};
/* End PBXShellScriptBuildPhase section */

/* Begin PBXSourcesBuildPhase section */
		F38A6CD81F9EA2780012AE64 /* Sources */ = {
			isa = PBXSourcesBuildPhase;
			buildActionMask = 2147483647;
			files = (
				F38A6CE21F9EA2780012AE64 /* ViewController.swift in Sources */,
				081F51041F9ECB4000297116 /* FindDestinationViewController.swift in Sources */,
				9D2AD0691FA93EA5003DFD9D /* AccountChangeViewController.swift in Sources */,
				9DCC47CA1FA7B938003B060B /* TutorialViewController.swift in Sources */,
				9DF3EC931FA7E76C00A119F0 /* AccountTableViewController.swift in Sources */,
				F38A6CE01F9EA2780012AE64 /* AppDelegate.swift in Sources */,
				085CCEFB1FBA911A00E1F1BF /* JoinTeamViewController.swift in Sources */,
				080E39171FBC1D6D00AB8F5B /* Puzzle.swift in Sources */,
				080E39151FBBECDE00AB8F5B /* GamePrepViewController.swift in Sources */,
				08B7D08E1FA96F6100393D09 /* StartPlayingViewController.swift in Sources */,
				085CCEF91FBA908D00E1F1BF /* CreateTeamViewController.swift in Sources */,
				084EC5EE1FA2587200CE305D /* LoginViewController.swift in Sources */,
				084EC5F01FA262B600CE305D /* MainTabBarController.swift in Sources */,
				081F51061F9EDAD900297116 /* CongratsViewController.swift in Sources */,
				084EC5F21FA2630000CE305D /* User.swift in Sources */,
				9DCC47C81FA7B92D003B060B /* SettingsViewController.swift in Sources */,
				9DCC47CF1FA7C246003B060B /* Group15Alpha.xcdatamodeld in Sources */,
			);
			runOnlyForDeploymentPostprocessing = 0;
		};
		F38A6CEC1F9EA2780012AE64 /* Sources */ = {
			isa = PBXSourcesBuildPhase;
			buildActionMask = 2147483647;
			files = (
				F38A6CF51F9EA2780012AE64 /* Group15AlphaTests.swift in Sources */,
			);
			runOnlyForDeploymentPostprocessing = 0;
		};
		F38A6CF71F9EA2780012AE64 /* Sources */ = {
			isa = PBXSourcesBuildPhase;
			buildActionMask = 2147483647;
			files = (
				F38A6D001F9EA2780012AE64 /* Group15AlphaUITests.swift in Sources */,
			);
			runOnlyForDeploymentPostprocessing = 0;
		};
/* End PBXSourcesBuildPhase section */

/* Begin PBXTargetDependency section */
		F38A6CF21F9EA2780012AE64 /* PBXTargetDependency */ = {
			isa = PBXTargetDependency;
			target = F38A6CDB1F9EA2780012AE64 /* Group15Alpha */;
			targetProxy = F38A6CF11F9EA2780012AE64 /* PBXContainerItemProxy */;
		};
		F38A6CFD1F9EA2780012AE64 /* PBXTargetDependency */ = {
			isa = PBXTargetDependency;
			target = F38A6CDB1F9EA2780012AE64 /* Group15Alpha */;
			targetProxy = F38A6CFC1F9EA2780012AE64 /* PBXContainerItemProxy */;
		};
/* End PBXTargetDependency section */

/* Begin PBXVariantGroup section */
		F38A6CE31F9EA2780012AE64 /* Main.storyboard */ = {
			isa = PBXVariantGroup;
			children = (
				F38A6CE41F9EA2780012AE64 /* Base */,
			);
			name = Main.storyboard;
			sourceTree = "<group>";
		};
		F38A6CE81F9EA2780012AE64 /* LaunchScreen.storyboard */ = {
			isa = PBXVariantGroup;
			children = (
				F38A6CE91F9EA2780012AE64 /* Base */,
			);
			name = LaunchScreen.storyboard;
			sourceTree = "<group>";
		};
/* End PBXVariantGroup section */

/* Begin XCBuildConfiguration section */
		F38A6D021F9EA2780012AE64 /* Debug */ = {
			isa = XCBuildConfiguration;
			buildSettings = {
				ALWAYS_SEARCH_USER_PATHS = NO;
				CLANG_ANALYZER_NONNULL = YES;
				CLANG_ANALYZER_NUMBER_OBJECT_CONVERSION = YES_AGGRESSIVE;
				CLANG_CXX_LANGUAGE_STANDARD = "gnu++0x";
				CLANG_CXX_LIBRARY = "libc++";
				CLANG_ENABLE_MODULES = YES;
				CLANG_ENABLE_OBJC_ARC = YES;
				CLANG_WARN_BOOL_CONVERSION = YES;
				CLANG_WARN_CONSTANT_CONVERSION = YES;
				CLANG_WARN_DIRECT_OBJC_ISA_USAGE = YES_ERROR;
				CLANG_WARN_DOCUMENTATION_COMMENTS = YES;
				CLANG_WARN_EMPTY_BODY = YES;
				CLANG_WARN_ENUM_CONVERSION = YES;
				CLANG_WARN_INFINITE_RECURSION = YES;
				CLANG_WARN_INT_CONVERSION = YES;
				CLANG_WARN_OBJC_ROOT_CLASS = YES_ERROR;
				CLANG_WARN_SUSPICIOUS_MOVE = YES;
				CLANG_WARN_UNREACHABLE_CODE = YES;
				CLANG_WARN__DUPLICATE_METHOD_MATCH = YES;
				"CODE_SIGN_IDENTITY[sdk=iphoneos*]" = "iPhone Developer";
				COPY_PHASE_STRIP = NO;
				DEBUG_INFORMATION_FORMAT = dwarf;
				ENABLE_STRICT_OBJC_MSGSEND = YES;
				ENABLE_TESTABILITY = YES;
				GCC_C_LANGUAGE_STANDARD = gnu99;
				GCC_DYNAMIC_NO_PIC = NO;
				GCC_NO_COMMON_BLOCKS = YES;
				GCC_OPTIMIZATION_LEVEL = 0;
				GCC_PREPROCESSOR_DEFINITIONS = (
					"DEBUG=1",
					"$(inherited)",
				);
				GCC_WARN_64_TO_32_BIT_CONVERSION = YES;
				GCC_WARN_ABOUT_RETURN_TYPE = YES_ERROR;
				GCC_WARN_UNDECLARED_SELECTOR = YES;
				GCC_WARN_UNINITIALIZED_AUTOS = YES_AGGRESSIVE;
				GCC_WARN_UNUSED_FUNCTION = YES;
				GCC_WARN_UNUSED_VARIABLE = YES;
				IPHONEOS_DEPLOYMENT_TARGET = 10.3;
				MTL_ENABLE_DEBUG_INFO = YES;
				ONLY_ACTIVE_ARCH = YES;
				SDKROOT = iphoneos;
				SWIFT_ACTIVE_COMPILATION_CONDITIONS = DEBUG;
				SWIFT_OPTIMIZATION_LEVEL = "-Onone";
				TARGETED_DEVICE_FAMILY = "1,2";
			};
			name = Debug;
		};
		F38A6D031F9EA2780012AE64 /* Release */ = {
			isa = XCBuildConfiguration;
			buildSettings = {
				ALWAYS_SEARCH_USER_PATHS = NO;
				CLANG_ANALYZER_NONNULL = YES;
				CLANG_ANALYZER_NUMBER_OBJECT_CONVERSION = YES_AGGRESSIVE;
				CLANG_CXX_LANGUAGE_STANDARD = "gnu++0x";
				CLANG_CXX_LIBRARY = "libc++";
				CLANG_ENABLE_MODULES = YES;
				CLANG_ENABLE_OBJC_ARC = YES;
				CLANG_WARN_BOOL_CONVERSION = YES;
				CLANG_WARN_CONSTANT_CONVERSION = YES;
				CLANG_WARN_DIRECT_OBJC_ISA_USAGE = YES_ERROR;
				CLANG_WARN_DOCUMENTATION_COMMENTS = YES;
				CLANG_WARN_EMPTY_BODY = YES;
				CLANG_WARN_ENUM_CONVERSION = YES;
				CLANG_WARN_INFINITE_RECURSION = YES;
				CLANG_WARN_INT_CONVERSION = YES;
				CLANG_WARN_OBJC_ROOT_CLASS = YES_ERROR;
				CLANG_WARN_SUSPICIOUS_MOVE = YES;
				CLANG_WARN_UNREACHABLE_CODE = YES;
				CLANG_WARN__DUPLICATE_METHOD_MATCH = YES;
				"CODE_SIGN_IDENTITY[sdk=iphoneos*]" = "iPhone Developer";
				COPY_PHASE_STRIP = NO;
				DEBUG_INFORMATION_FORMAT = "dwarf-with-dsym";
				ENABLE_NS_ASSERTIONS = NO;
				ENABLE_STRICT_OBJC_MSGSEND = YES;
				GCC_C_LANGUAGE_STANDARD = gnu99;
				GCC_NO_COMMON_BLOCKS = YES;
				GCC_WARN_64_TO_32_BIT_CONVERSION = YES;
				GCC_WARN_ABOUT_RETURN_TYPE = YES_ERROR;
				GCC_WARN_UNDECLARED_SELECTOR = YES;
				GCC_WARN_UNINITIALIZED_AUTOS = YES_AGGRESSIVE;
				GCC_WARN_UNUSED_FUNCTION = YES;
				GCC_WARN_UNUSED_VARIABLE = YES;
				IPHONEOS_DEPLOYMENT_TARGET = 10.3;
				MTL_ENABLE_DEBUG_INFO = NO;
				SDKROOT = iphoneos;
				SWIFT_OPTIMIZATION_LEVEL = "-Owholemodule";
				TARGETED_DEVICE_FAMILY = "1,2";
				VALIDATE_PRODUCT = YES;
			};
			name = Release;
		};
		F38A6D051F9EA2780012AE64 /* Debug */ = {
			isa = XCBuildConfiguration;
			baseConfigurationReference = 6065E4C64617590958DB0610 /* Pods-Group15Alpha.debug.xcconfig */;
			buildSettings = {
				ASSETCATALOG_COMPILER_APPICON_NAME = AppIcon;
				DEVELOPMENT_TEAM = V2DTJ8Z834;
				INFOPLIST_FILE = Group15Alpha/Info.plist;
				LD_RUNPATH_SEARCH_PATHS = "$(inherited) @executable_path/Frameworks";
				PRODUCT_BUNDLE_IDENTIFIER = cs329e.Group15Alpha;
				PRODUCT_NAME = "$(TARGET_NAME)";
				SWIFT_VERSION = 3.0;
			};
			name = Debug;
		};
		F38A6D061F9EA2780012AE64 /* Release */ = {
			isa = XCBuildConfiguration;
			baseConfigurationReference = 0C45A38E7F8195109074D644 /* Pods-Group15Alpha.release.xcconfig */;
			buildSettings = {
				ASSETCATALOG_COMPILER_APPICON_NAME = AppIcon;
				DEVELOPMENT_TEAM = V2DTJ8Z834;
				INFOPLIST_FILE = Group15Alpha/Info.plist;
				LD_RUNPATH_SEARCH_PATHS = "$(inherited) @executable_path/Frameworks";
				PRODUCT_BUNDLE_IDENTIFIER = cs329e.Group15Alpha;
				PRODUCT_NAME = "$(TARGET_NAME)";
				SWIFT_VERSION = 3.0;
			};
			name = Release;
		};
		F38A6D081F9EA2780012AE64 /* Debug */ = {
			isa = XCBuildConfiguration;
			buildSettings = {
				ALWAYS_EMBED_SWIFT_STANDARD_LIBRARIES = YES;
				BUNDLE_LOADER = "$(TEST_HOST)";
				INFOPLIST_FILE = Group15AlphaTests/Info.plist;
				LD_RUNPATH_SEARCH_PATHS = "$(inherited) @executable_path/Frameworks @loader_path/Frameworks";
				PRODUCT_BUNDLE_IDENTIFIER = cs329e.Group15AlphaTests;
				PRODUCT_NAME = "$(TARGET_NAME)";
				SWIFT_VERSION = 3.0;
				TEST_HOST = "$(BUILT_PRODUCTS_DIR)/Group15Alpha.app/Group15Alpha";
			};
			name = Debug;
		};
		F38A6D091F9EA2780012AE64 /* Release */ = {
			isa = XCBuildConfiguration;
			buildSettings = {
				ALWAYS_EMBED_SWIFT_STANDARD_LIBRARIES = YES;
				BUNDLE_LOADER = "$(TEST_HOST)";
				INFOPLIST_FILE = Group15AlphaTests/Info.plist;
				LD_RUNPATH_SEARCH_PATHS = "$(inherited) @executable_path/Frameworks @loader_path/Frameworks";
				PRODUCT_BUNDLE_IDENTIFIER = cs329e.Group15AlphaTests;
				PRODUCT_NAME = "$(TARGET_NAME)";
				SWIFT_VERSION = 3.0;
				TEST_HOST = "$(BUILT_PRODUCTS_DIR)/Group15Alpha.app/Group15Alpha";
			};
			name = Release;
		};
		F38A6D0B1F9EA2780012AE64 /* Debug */ = {
			isa = XCBuildConfiguration;
			buildSettings = {
				ALWAYS_EMBED_SWIFT_STANDARD_LIBRARIES = YES;
				INFOPLIST_FILE = Group15AlphaUITests/Info.plist;
				LD_RUNPATH_SEARCH_PATHS = "$(inherited) @executable_path/Frameworks @loader_path/Frameworks";
				PRODUCT_BUNDLE_IDENTIFIER = cs329e.Group15AlphaUITests;
				PRODUCT_NAME = "$(TARGET_NAME)";
				SWIFT_VERSION = 3.0;
				TEST_TARGET_NAME = Group15Alpha;
			};
			name = Debug;
		};
		F38A6D0C1F9EA2780012AE64 /* Release */ = {
			isa = XCBuildConfiguration;
			buildSettings = {
				ALWAYS_EMBED_SWIFT_STANDARD_LIBRARIES = YES;
				INFOPLIST_FILE = Group15AlphaUITests/Info.plist;
				LD_RUNPATH_SEARCH_PATHS = "$(inherited) @executable_path/Frameworks @loader_path/Frameworks";
				PRODUCT_BUNDLE_IDENTIFIER = cs329e.Group15AlphaUITests;
				PRODUCT_NAME = "$(TARGET_NAME)";
				SWIFT_VERSION = 3.0;
				TEST_TARGET_NAME = Group15Alpha;
			};
			name = Release;
		};
/* End XCBuildConfiguration section */

/* Begin XCConfigurationList section */
		F38A6CD71F9EA2780012AE64 /* Build configuration list for PBXProject "Group15Alpha" */ = {
			isa = XCConfigurationList;
			buildConfigurations = (
				F38A6D021F9EA2780012AE64 /* Debug */,
				F38A6D031F9EA2780012AE64 /* Release */,
			);
			defaultConfigurationIsVisible = 0;
			defaultConfigurationName = Release;
		};
		F38A6D041F9EA2780012AE64 /* Build configuration list for PBXNativeTarget "Group15Alpha" */ = {
			isa = XCConfigurationList;
			buildConfigurations = (
				F38A6D051F9EA2780012AE64 /* Debug */,
				F38A6D061F9EA2780012AE64 /* Release */,
			);
			defaultConfigurationIsVisible = 0;
			defaultConfigurationName = Release;
		};
		F38A6D071F9EA2780012AE64 /* Build configuration list for PBXNativeTarget "Group15AlphaTests" */ = {
			isa = XCConfigurationList;
			buildConfigurations = (
				F38A6D081F9EA2780012AE64 /* Debug */,
				F38A6D091F9EA2780012AE64 /* Release */,
			);
			defaultConfigurationIsVisible = 0;
			defaultConfigurationName = Release;
		};
		F38A6D0A1F9EA2780012AE64 /* Build configuration list for PBXNativeTarget "Group15AlphaUITests" */ = {
			isa = XCConfigurationList;
			buildConfigurations = (
				F38A6D0B1F9EA2780012AE64 /* Debug */,
				F38A6D0C1F9EA2780012AE64 /* Release */,
			);
			defaultConfigurationIsVisible = 0;
			defaultConfigurationName = Release;
		};
/* End XCConfigurationList section */

/* Begin XCVersionGroup section */
		9DCC47CD1FA7C246003B060B /* Group15Alpha.xcdatamodeld */ = {
			isa = XCVersionGroup;
			children = (
				9DCC47CE1FA7C246003B060B /* Group15Alpha.xcdatamodel */,
			);
			currentVersion = 9DCC47CE1FA7C246003B060B /* Group15Alpha.xcdatamodel */;
			path = Group15Alpha.xcdatamodeld;
			sourceTree = "<group>";
			versionGroupType = wrapper.xcdatamodel;
		};
/* End XCVersionGroup section */
	};
	rootObject = F38A6CD41F9EA2780012AE64 /* Project object */;
}
